
Microsoft Visual Studio Solution File, Format Version 12.00
# Visual Studio Version 16
VisualStudioVersion = 16.0.29411.138
MinimumVisualStudioVersion = 10.0.40219.1
Project("{FAE04EC0-301F-11D3-BF4B-00C04F79EFBC}") = "RoverController.Web", "RoverController\RoverController.Web.csproj", "{C33637A6-F8C7-4FCD-9EBF-BED622787E13}"
	ProjectSection(ProjectDependencies) = postProject
		{DD02305A-C853-4AB2-999F-4A7957429601} = {DD02305A-C853-4AB2-999F-4A7957429601}
	EndProjectSection
EndProject
Project("{9A19103F-16F7-4668-BE54-9A1E7A4F7556}") = "RoverController.Lib", "RoverController.Lib\RoverController.Lib.csproj", "{DD02305A-C853-4AB2-999F-4A7957429601}"
EndProject
Project("{2150E333-8FDC-42A3-9474-1A3956D46DE8}") = "Mobile", "Mobile", "{EBF124CB-1BB7-4D42-AE9E-20DDDECC8970}"
EndProject
Project("{FAE04EC0-301F-11D3-BF4B-00C04F79EFBC}") = "RoverController.Mobile", "RoverController.Mobile\RoverController.Mobile\RoverController.Mobile.csproj", "{1A3016FF-BA29-422F-A9A0-F65A3B191402}"
EndProject
Project("{FAE04EC0-301F-11D3-BF4B-00C04F79EFBC}") = "RoverController.Mobile.Android", "RoverController.Mobile\RoverController.Mobile.Android\RoverController.Mobile.Android.csproj", "{0204E048-B5A4-47DE-881E-19A5C2E7672F}"
EndProject
Project("{FAE04EC0-301F-11D3-BF4B-00C04F79EFBC}") = "RoverController.Mobile.iOS", "RoverController.Mobile\RoverController.Mobile.iOS\RoverController.Mobile.iOS.csproj", "{48BB9E31-90C5-4354-AF4B-198EFEFC06BB}"
EndProject
Project("{FAE04EC0-301F-11D3-BF4B-00C04F79EFBC}") = "RoverController.Mobile.UWP", "RoverController.Mobile\RoverController.Mobile.UWP\RoverController.Mobile.UWP.csproj", "{66865F18-0D1B-40FE-8E20-00A15F7A398A}"
EndProject
Global
	GlobalSection(SolutionConfigurationPlatforms) = preSolution
		Ad-Hoc|Any CPU = Ad-Hoc|Any CPU
		Ad-Hoc|ARM = Ad-Hoc|ARM
		Ad-Hoc|iPhone = Ad-Hoc|iPhone
		Ad-Hoc|iPhoneSimulator = Ad-Hoc|iPhoneSimulator
		Ad-Hoc|x64 = Ad-Hoc|x64
		Ad-Hoc|x86 = Ad-Hoc|x86
		AppStore|Any CPU = AppStore|Any CPU
		AppStore|ARM = AppStore|ARM
		AppStore|iPhone = AppStore|iPhone
		AppStore|iPhoneSimulator = AppStore|iPhoneSimulator
		AppStore|x64 = AppStore|x64
		AppStore|x86 = AppStore|x86
		AWS|Any CPU = AWS|Any CPU
		AWS|ARM = AWS|ARM
		AWS|iPhone = AWS|iPhone
		AWS|iPhoneSimulator = AWS|iPhoneSimulator
		AWS|x64 = AWS|x64
		AWS|x86 = AWS|x86
		Debug|Any CPU = Debug|Any CPU
		Debug|ARM = Debug|ARM
		Debug|iPhone = Debug|iPhone
		Debug|iPhoneSimulator = Debug|iPhoneSimulator
		Debug|x64 = Debug|x64
		Debug|x86 = Debug|x86
		Release|Any CPU = Release|Any CPU
		Release|ARM = Release|ARM
		Release|iPhone = Release|iPhone
		Release|iPhoneSimulator = Release|iPhoneSimulator
		Release|x64 = Release|x64
		Release|x86 = Release|x86
	EndGlobalSection
	GlobalSection(ProjectConfigurationPlatforms) = postSolution
		{C33637A6-F8C7-4FCD-9EBF-BED622787E13}.Ad-Hoc|Any CPU.ActiveCfg = AWS|Any CPU
		{C33637A6-F8C7-4FCD-9EBF-BED622787E13}.Ad-Hoc|Any CPU.Build.0 = AWS|Any CPU
		{C33637A6-F8C7-4FCD-9EBF-BED622787E13}.Ad-Hoc|ARM.ActiveCfg = AWS|Any CPU
		{C33637A6-F8C7-4FCD-9EBF-BED622787E13}.Ad-Hoc|ARM.Build.0 = AWS|Any CPU
		{C33637A6-F8C7-4FCD-9EBF-BED622787E13}.Ad-Hoc|iPhone.ActiveCfg = AWS|Any CPU
		{C33637A6-F8C7-4FCD-9EBF-BED622787E13}.Ad-Hoc|iPhone.Build.0 = AWS|Any CPU
		{C33637A6-F8C7-4FCD-9EBF-BED622787E13}.Ad-Hoc|iPhoneSimulator.ActiveCfg = AWS|Any CPU
		{C33637A6-F8C7-4FCD-9EBF-BED622787E13}.Ad-Hoc|iPhoneSimulator.Build.0 = AWS|Any CPU
		{C33637A6-F8C7-4FCD-9EBF-BED622787E13}.Ad-Hoc|x64.ActiveCfg = AWS|Any CPU
		{C33637A6-F8C7-4FCD-9EBF-BED622787E13}.Ad-Hoc|x64.Build.0 = AWS|Any CPU
		{C33637A6-F8C7-4FCD-9EBF-BED622787E13}.Ad-Hoc|x86.ActiveCfg = AWS|Any CPU
		{C33637A6-F8C7-4FCD-9EBF-BED622787E13}.Ad-Hoc|x86.Build.0 = AWS|Any CPU
		{C33637A6-F8C7-4FCD-9EBF-BED622787E13}.AppStore|Any CPU.ActiveCfg = AWS|Any CPU
		{C33637A6-F8C7-4FCD-9EBF-BED622787E13}.AppStore|Any CPU.Build.0 = AWS|Any CPU
		{C33637A6-F8C7-4FCD-9EBF-BED622787E13}.AppStore|ARM.ActiveCfg = AWS|Any CPU
		{C33637A6-F8C7-4FCD-9EBF-BED622787E13}.AppStore|ARM.Build.0 = AWS|Any CPU
		{C33637A6-F8C7-4FCD-9EBF-BED622787E13}.AppStore|iPhone.ActiveCfg = AWS|Any CPU
		{C33637A6-F8C7-4FCD-9EBF-BED622787E13}.AppStore|iPhone.Build.0 = AWS|Any CPU
		{C33637A6-F8C7-4FCD-9EBF-BED622787E13}.AppStore|iPhoneSimulator.ActiveCfg = AWS|Any CPU
		{C33637A6-F8C7-4FCD-9EBF-BED622787E13}.AppStore|iPhoneSimulator.Build.0 = AWS|Any CPU
		{C33637A6-F8C7-4FCD-9EBF-BED622787E13}.AppStore|x64.ActiveCfg = AWS|Any CPU
		{C33637A6-F8C7-4FCD-9EBF-BED622787E13}.AppStore|x64.Build.0 = AWS|Any CPU
		{C33637A6-F8C7-4FCD-9EBF-BED622787E13}.AppStore|x86.ActiveCfg = AWS|Any CPU
		{C33637A6-F8C7-4FCD-9EBF-BED622787E13}.AppStore|x86.Build.0 = AWS|Any CPU
		{C33637A6-F8C7-4FCD-9EBF-BED622787E13}.AWS|Any CPU.ActiveCfg = AWS|Any CPU
		{C33637A6-F8C7-4FCD-9EBF-BED622787E13}.AWS|Any CPU.Build.0 = AWS|Any CPU
		{C33637A6-F8C7-4FCD-9EBF-BED622787E13}.AWS|ARM.ActiveCfg = AWS|Any CPU
		{C33637A6-F8C7-4FCD-9EBF-BED622787E13}.AWS|ARM.Build.0 = AWS|Any CPU
		{C33637A6-F8C7-4FCD-9EBF-BED622787E13}.AWS|iPhone.ActiveCfg = AWS|Any CPU
		{C33637A6-F8C7-4FCD-9EBF-BED622787E13}.AWS|iPhone.Build.0 = AWS|Any CPU
		{C33637A6-F8C7-4FCD-9EBF-BED622787E13}.AWS|iPhoneSimulator.ActiveCfg = AWS|Any CPU
		{C33637A6-F8C7-4FCD-9EBF-BED622787E13}.AWS|iPhoneSimulator.Build.0 = AWS|Any CPU
		{C33637A6-F8C7-4FCD-9EBF-BED622787E13}.AWS|x64.ActiveCfg = AWS|Any CPU
		{C33637A6-F8C7-4FCD-9EBF-BED622787E13}.AWS|x64.Build.0 = AWS|Any CPU
		{C33637A6-F8C7-4FCD-9EBF-BED622787E13}.AWS|x86.ActiveCfg = AWS|Any CPU
		{C33637A6-F8C7-4FCD-9EBF-BED622787E13}.AWS|x86.Build.0 = AWS|Any CPU
		{C33637A6-F8C7-4FCD-9EBF-BED622787E13}.Debug|Any CPU.ActiveCfg = Debug|Any CPU
		{C33637A6-F8C7-4FCD-9EBF-BED622787E13}.Debug|Any CPU.Build.0 = Debug|Any CPU
		{C33637A6-F8C7-4FCD-9EBF-BED622787E13}.Debug|ARM.ActiveCfg = Debug|Any CPU
		{C33637A6-F8C7-4FCD-9EBF-BED622787E13}.Debug|ARM.Build.0 = Debug|Any CPU
		{C33637A6-F8C7-4FCD-9EBF-BED622787E13}.Debug|iPhone.ActiveCfg = Debug|Any CPU
		{C33637A6-F8C7-4FCD-9EBF-BED622787E13}.Debug|iPhone.Build.0 = Debug|Any CPU
		{C33637A6-F8C7-4FCD-9EBF-BED622787E13}.Debug|iPhoneSimulator.ActiveCfg = Debug|Any CPU
		{C33637A6-F8C7-4FCD-9EBF-BED622787E13}.Debug|iPhoneSimulator.Build.0 = Debug|Any CPU
		{C33637A6-F8C7-4FCD-9EBF-BED622787E13}.Debug|x64.ActiveCfg = Debug|Any CPU
		{C33637A6-F8C7-4FCD-9EBF-BED622787E13}.Debug|x64.Build.0 = Debug|Any CPU
		{C33637A6-F8C7-4FCD-9EBF-BED622787E13}.Debug|x86.ActiveCfg = Debug|Any CPU
		{C33637A6-F8C7-4FCD-9EBF-BED622787E13}.Debug|x86.Build.0 = Debug|Any CPU
		{C33637A6-F8C7-4FCD-9EBF-BED622787E13}.Release|Any CPU.ActiveCfg = Release|Any CPU
		{C33637A6-F8C7-4FCD-9EBF-BED622787E13}.Release|Any CPU.Build.0 = Release|Any CPU
		{C33637A6-F8C7-4FCD-9EBF-BED622787E13}.Release|ARM.ActiveCfg = Release|Any CPU
		{C33637A6-F8C7-4FCD-9EBF-BED622787E13}.Release|ARM.Build.0 = Release|Any CPU
		{C33637A6-F8C7-4FCD-9EBF-BED622787E13}.Release|iPhone.ActiveCfg = Release|Any CPU
		{C33637A6-F8C7-4FCD-9EBF-BED622787E13}.Release|iPhone.Build.0 = Release|Any CPU
		{C33637A6-F8C7-4FCD-9EBF-BED622787E13}.Release|iPhoneSimulator.ActiveCfg = Release|Any CPU
		{C33637A6-F8C7-4FCD-9EBF-BED622787E13}.Release|iPhoneSimulator.Build.0 = Release|Any CPU
		{C33637A6-F8C7-4FCD-9EBF-BED622787E13}.Release|x64.ActiveCfg = Release|Any CPU
		{C33637A6-F8C7-4FCD-9EBF-BED622787E13}.Release|x64.Build.0 = Release|Any CPU
		{C33637A6-F8C7-4FCD-9EBF-BED622787E13}.Release|x86.ActiveCfg = Release|Any CPU
		{C33637A6-F8C7-4FCD-9EBF-BED622787E13}.Release|x86.Build.0 = Release|Any CPU
		{DD02305A-C853-4AB2-999F-4A7957429601}.Ad-Hoc|Any CPU.ActiveCfg = AWS|Any CPU
		{DD02305A-C853-4AB2-999F-4A7957429601}.Ad-Hoc|Any CPU.Build.0 = AWS|Any CPU
		{DD02305A-C853-4AB2-999F-4A7957429601}.Ad-Hoc|ARM.ActiveCfg = AWS|Any CPU
		{DD02305A-C853-4AB2-999F-4A7957429601}.Ad-Hoc|ARM.Build.0 = AWS|Any CPU
		{DD02305A-C853-4AB2-999F-4A7957429601}.Ad-Hoc|iPhone.ActiveCfg = AWS|Any CPU
		{DD02305A-C853-4AB2-999F-4A7957429601}.Ad-Hoc|iPhone.Build.0 = AWS|Any CPU
		{DD02305A-C853-4AB2-999F-4A7957429601}.Ad-Hoc|iPhoneSimulator.ActiveCfg = AWS|Any CPU
		{DD02305A-C853-4AB2-999F-4A7957429601}.Ad-Hoc|iPhoneSimulator.Build.0 = AWS|Any CPU
		{DD02305A-C853-4AB2-999F-4A7957429601}.Ad-Hoc|x64.ActiveCfg = AWS|Any CPU
		{DD02305A-C853-4AB2-999F-4A7957429601}.Ad-Hoc|x64.Build.0 = AWS|Any CPU
		{DD02305A-C853-4AB2-999F-4A7957429601}.Ad-Hoc|x86.ActiveCfg = AWS|Any CPU
		{DD02305A-C853-4AB2-999F-4A7957429601}.Ad-Hoc|x86.Build.0 = AWS|Any CPU
		{DD02305A-C853-4AB2-999F-4A7957429601}.AppStore|Any CPU.ActiveCfg = AWS|Any CPU
		{DD02305A-C853-4AB2-999F-4A7957429601}.AppStore|Any CPU.Build.0 = AWS|Any CPU
		{DD02305A-C853-4AB2-999F-4A7957429601}.AppStore|ARM.ActiveCfg = AWS|Any CPU
		{DD02305A-C853-4AB2-999F-4A7957429601}.AppStore|ARM.Build.0 = AWS|Any CPU
		{DD02305A-C853-4AB2-999F-4A7957429601}.AppStore|iPhone.ActiveCfg = AWS|Any CPU
		{DD02305A-C853-4AB2-999F-4A7957429601}.AppStore|iPhone.Build.0 = AWS|Any CPU
		{DD02305A-C853-4AB2-999F-4A7957429601}.AppStore|iPhoneSimulator.ActiveCfg = AWS|Any CPU
		{DD02305A-C853-4AB2-999F-4A7957429601}.AppStore|iPhoneSimulator.Build.0 = AWS|Any CPU
		{DD02305A-C853-4AB2-999F-4A7957429601}.AppStore|x64.ActiveCfg = AWS|Any CPU
		{DD02305A-C853-4AB2-999F-4A7957429601}.AppStore|x64.Build.0 = AWS|Any CPU
		{DD02305A-C853-4AB2-999F-4A7957429601}.AppStore|x86.ActiveCfg = AWS|Any CPU
		{DD02305A-C853-4AB2-999F-4A7957429601}.AppStore|x86.Build.0 = AWS|Any CPU
		{DD02305A-C853-4AB2-999F-4A7957429601}.AWS|Any CPU.ActiveCfg = AWS|Any CPU
		{DD02305A-C853-4AB2-999F-4A7957429601}.AWS|Any CPU.Build.0 = AWS|Any CPU
		{DD02305A-C853-4AB2-999F-4A7957429601}.AWS|ARM.ActiveCfg = AWS|Any CPU
		{DD02305A-C853-4AB2-999F-4A7957429601}.AWS|ARM.Build.0 = AWS|Any CPU
		{DD02305A-C853-4AB2-999F-4A7957429601}.AWS|iPhone.ActiveCfg = AWS|Any CPU
		{DD02305A-C853-4AB2-999F-4A7957429601}.AWS|iPhone.Build.0 = AWS|Any CPU
		{DD02305A-C853-4AB2-999F-4A7957429601}.AWS|iPhoneSimulator.ActiveCfg = AWS|Any CPU
		{DD02305A-C853-4AB2-999F-4A7957429601}.AWS|iPhoneSimulator.Build.0 = AWS|Any CPU
		{DD02305A-C853-4AB2-999F-4A7957429601}.AWS|x64.ActiveCfg = AWS|Any CPU
		{DD02305A-C853-4AB2-999F-4A7957429601}.AWS|x64.Build.0 = AWS|Any CPU
		{DD02305A-C853-4AB2-999F-4A7957429601}.AWS|x86.ActiveCfg = AWS|Any CPU
		{DD02305A-C853-4AB2-999F-4A7957429601}.AWS|x86.Build.0 = AWS|Any CPU
		{DD02305A-C853-4AB2-999F-4A7957429601}.Debug|Any CPU.ActiveCfg = Debug|Any CPU
		{DD02305A-C853-4AB2-999F-4A7957429601}.Debug|Any CPU.Build.0 = Debug|Any CPU
		{DD02305A-C853-4AB2-999F-4A7957429601}.Debug|ARM.ActiveCfg = Debug|Any CPU
		{DD02305A-C853-4AB2-999F-4A7957429601}.Debug|ARM.Build.0 = Debug|Any CPU
		{DD02305A-C853-4AB2-999F-4A7957429601}.Debug|iPhone.ActiveCfg = Debug|Any CPU
		{DD02305A-C853-4AB2-999F-4A7957429601}.Debug|iPhone.Build.0 = Debug|Any CPU
		{DD02305A-C853-4AB2-999F-4A7957429601}.Debug|iPhoneSimulator.ActiveCfg = Debug|Any CPU
		{DD02305A-C853-4AB2-999F-4A7957429601}.Debug|iPhoneSimulator.Build.0 = Debug|Any CPU
		{DD02305A-C853-4AB2-999F-4A7957429601}.Debug|x64.ActiveCfg = Debug|Any CPU
		{DD02305A-C853-4AB2-999F-4A7957429601}.Debug|x64.Build.0 = Debug|Any CPU
		{DD02305A-C853-4AB2-999F-4A7957429601}.Debug|x86.ActiveCfg = Debug|Any CPU
		{DD02305A-C853-4AB2-999F-4A7957429601}.Debug|x86.Build.0 = Debug|Any CPU
		{DD02305A-C853-4AB2-999F-4A7957429601}.Release|Any CPU.ActiveCfg = Release|Any CPU
		{DD02305A-C853-4AB2-999F-4A7957429601}.Release|Any CPU.Build.0 = Release|Any CPU
		{DD02305A-C853-4AB2-999F-4A7957429601}.Release|ARM.ActiveCfg = Release|Any CPU
		{DD02305A-C853-4AB2-999F-4A7957429601}.Release|ARM.Build.0 = Release|Any CPU
		{DD02305A-C853-4AB2-999F-4A7957429601}.Release|iPhone.ActiveCfg = Release|Any CPU
		{DD02305A-C853-4AB2-999F-4A7957429601}.Release|iPhone.Build.0 = Release|Any CPU
		{DD02305A-C853-4AB2-999F-4A7957429601}.Release|iPhoneSimulator.ActiveCfg = Release|Any CPU
		{DD02305A-C853-4AB2-999F-4A7957429601}.Release|iPhoneSimulator.Build.0 = Release|Any CPU
		{DD02305A-C853-4AB2-999F-4A7957429601}.Release|x64.ActiveCfg = Release|Any CPU
		{DD02305A-C853-4AB2-999F-4A7957429601}.Release|x64.Build.0 = Release|Any CPU
		{DD02305A-C853-4AB2-999F-4A7957429601}.Release|x86.ActiveCfg = Release|Any CPU
		{DD02305A-C853-4AB2-999F-4A7957429601}.Release|x86.Build.0 = Release|Any CPU
		{1A3016FF-BA29-422F-A9A0-F65A3B191402}.Ad-Hoc|Any CPU.ActiveCfg = Debug|Any CPU
		{1A3016FF-BA29-422F-A9A0-F65A3B191402}.Ad-Hoc|Any CPU.Build.0 = Debug|Any CPU
		{1A3016FF-BA29-422F-A9A0-F65A3B191402}.Ad-Hoc|ARM.ActiveCfg = Debug|Any CPU
		{1A3016FF-BA29-422F-A9A0-F65A3B191402}.Ad-Hoc|ARM.Build.0 = Debug|Any CPU
		{1A3016FF-BA29-422F-A9A0-F65A3B191402}.Ad-Hoc|iPhone.ActiveCfg = Debug|Any CPU
		{1A3016FF-BA29-422F-A9A0-F65A3B191402}.Ad-Hoc|iPhone.Build.0 = Debug|Any CPU
		{1A3016FF-BA29-422F-A9A0-F65A3B191402}.Ad-Hoc|iPhoneSimulator.ActiveCfg = Debug|Any CPU
		{1A3016FF-BA29-422F-A9A0-F65A3B191402}.Ad-Hoc|iPhoneSimulator.Build.0 = Debug|Any CPU
		{1A3016FF-BA29-422F-A9A0-F65A3B191402}.Ad-Hoc|x64.ActiveCfg = Debug|Any CPU
		{1A3016FF-BA29-422F-A9A0-F65A3B191402}.Ad-Hoc|x64.Build.0 = Debug|Any CPU
		{1A3016FF-BA29-422F-A9A0-F65A3B191402}.Ad-Hoc|x86.ActiveCfg = Debug|Any CPU
		{1A3016FF-BA29-422F-A9A0-F65A3B191402}.Ad-Hoc|x86.Build.0 = Debug|Any CPU
		{1A3016FF-BA29-422F-A9A0-F65A3B191402}.AppStore|Any CPU.ActiveCfg = Debug|Any CPU
		{1A3016FF-BA29-422F-A9A0-F65A3B191402}.AppStore|Any CPU.Build.0 = Debug|Any CPU
		{1A3016FF-BA29-422F-A9A0-F65A3B191402}.AppStore|ARM.ActiveCfg = Debug|Any CPU
		{1A3016FF-BA29-422F-A9A0-F65A3B191402}.AppStore|ARM.Build.0 = Debug|Any CPU
		{1A3016FF-BA29-422F-A9A0-F65A3B191402}.AppStore|iPhone.ActiveCfg = Debug|Any CPU
		{1A3016FF-BA29-422F-A9A0-F65A3B191402}.AppStore|iPhone.Build.0 = Debug|Any CPU
		{1A3016FF-BA29-422F-A9A0-F65A3B191402}.AppStore|iPhoneSimulator.ActiveCfg = Debug|Any CPU
		{1A3016FF-BA29-422F-A9A0-F65A3B191402}.AppStore|iPhoneSimulator.Build.0 = Debug|Any CPU
		{1A3016FF-BA29-422F-A9A0-F65A3B191402}.AppStore|x64.ActiveCfg = Debug|Any CPU
		{1A3016FF-BA29-422F-A9A0-F65A3B191402}.AppStore|x64.Build.0 = Debug|Any CPU
		{1A3016FF-BA29-422F-A9A0-F65A3B191402}.AppStore|x86.ActiveCfg = Debug|Any CPU
		{1A3016FF-BA29-422F-A9A0-F65A3B191402}.AppStore|x86.Build.0 = Debug|Any CPU
		{1A3016FF-BA29-422F-A9A0-F65A3B191402}.AWS|Any CPU.ActiveCfg = Debug|Any CPU
		{1A3016FF-BA29-422F-A9A0-F65A3B191402}.AWS|Any CPU.Build.0 = Debug|Any CPU
		{1A3016FF-BA29-422F-A9A0-F65A3B191402}.AWS|ARM.ActiveCfg = Debug|Any CPU
		{1A3016FF-BA29-422F-A9A0-F65A3B191402}.AWS|ARM.Build.0 = Debug|Any CPU
		{1A3016FF-BA29-422F-A9A0-F65A3B191402}.AWS|iPhone.ActiveCfg = Debug|Any CPU
		{1A3016FF-BA29-422F-A9A0-F65A3B191402}.AWS|iPhone.Build.0 = Debug|Any CPU
		{1A3016FF-BA29-422F-A9A0-F65A3B191402}.AWS|iPhoneSimulator.ActiveCfg = Debug|Any CPU
		{1A3016FF-BA29-422F-A9A0-F65A3B191402}.AWS|iPhoneSimulator.Build.0 = Debug|Any CPU
		{1A3016FF-BA29-422F-A9A0-F65A3B191402}.AWS|x64.ActiveCfg = Debug|Any CPU
		{1A3016FF-BA29-422F-A9A0-F65A3B191402}.AWS|x64.Build.0 = Debug|Any CPU
		{1A3016FF-BA29-422F-A9A0-F65A3B191402}.AWS|x86.ActiveCfg = Debug|Any CPU
		{1A3016FF-BA29-422F-A9A0-F65A3B191402}.AWS|x86.Build.0 = Debug|Any CPU
		{1A3016FF-BA29-422F-A9A0-F65A3B191402}.Debug|Any CPU.ActiveCfg = Debug|Any CPU
		{1A3016FF-BA29-422F-A9A0-F65A3B191402}.Debug|Any CPU.Build.0 = Debug|Any CPU
		{1A3016FF-BA29-422F-A9A0-F65A3B191402}.Debug|ARM.ActiveCfg = Debug|Any CPU
		{1A3016FF-BA29-422F-A9A0-F65A3B191402}.Debug|ARM.Build.0 = Debug|Any CPU
		{1A3016FF-BA29-422F-A9A0-F65A3B191402}.Debug|iPhone.ActiveCfg = Debug|Any CPU
		{1A3016FF-BA29-422F-A9A0-F65A3B191402}.Debug|iPhone.Build.0 = Debug|Any CPU
		{1A3016FF-BA29-422F-A9A0-F65A3B191402}.Debug|iPhoneSimulator.ActiveCfg = Debug|Any CPU
		{1A3016FF-BA29-422F-A9A0-F65A3B191402}.Debug|iPhoneSimulator.Build.0 = Debug|Any CPU
		{1A3016FF-BA29-422F-A9A0-F65A3B191402}.Debug|x64.ActiveCfg = Debug|Any CPU
		{1A3016FF-BA29-422F-A9A0-F65A3B191402}.Debug|x64.Build.0 = Debug|Any CPU
		{1A3016FF-BA29-422F-A9A0-F65A3B191402}.Debug|x86.ActiveCfg = Debug|Any CPU
		{1A3016FF-BA29-422F-A9A0-F65A3B191402}.Debug|x86.Build.0 = Debug|Any CPU
		{1A3016FF-BA29-422F-A9A0-F65A3B191402}.Release|Any CPU.ActiveCfg = Release|Any CPU
		{1A3016FF-BA29-422F-A9A0-F65A3B191402}.Release|Any CPU.Build.0 = Release|Any CPU
		{1A3016FF-BA29-422F-A9A0-F65A3B191402}.Release|ARM.ActiveCfg = Release|Any CPU
		{1A3016FF-BA29-422F-A9A0-F65A3B191402}.Release|ARM.Build.0 = Release|Any CPU
		{1A3016FF-BA29-422F-A9A0-F65A3B191402}.Release|iPhone.ActiveCfg = Release|Any CPU
		{1A3016FF-BA29-422F-A9A0-F65A3B191402}.Release|iPhone.Build.0 = Release|Any CPU
		{1A3016FF-BA29-422F-A9A0-F65A3B191402}.Release|iPhoneSimulator.ActiveCfg = Release|Any CPU
		{1A3016FF-BA29-422F-A9A0-F65A3B191402}.Release|iPhoneSimulator.Build.0 = Release|Any CPU
		{1A3016FF-BA29-422F-A9A0-F65A3B191402}.Release|x64.ActiveCfg = Release|Any CPU
		{1A3016FF-BA29-422F-A9A0-F65A3B191402}.Release|x64.Build.0 = Release|Any CPU
		{1A3016FF-BA29-422F-A9A0-F65A3B191402}.Release|x86.ActiveCfg = Release|Any CPU
		{1A3016FF-BA29-422F-A9A0-F65A3B191402}.Release|x86.Build.0 = Release|Any CPU
		{0204E048-B5A4-47DE-881E-19A5C2E7672F}.Ad-Hoc|Any CPU.ActiveCfg = Release|Any CPU
		{0204E048-B5A4-47DE-881E-19A5C2E7672F}.Ad-Hoc|Any CPU.Build.0 = Release|Any CPU
		{0204E048-B5A4-47DE-881E-19A5C2E7672F}.Ad-Hoc|Any CPU.Deploy.0 = Release|Any CPU
		{0204E048-B5A4-47DE-881E-19A5C2E7672F}.Ad-Hoc|ARM.ActiveCfg = Release|Any CPU
		{0204E048-B5A4-47DE-881E-19A5C2E7672F}.Ad-Hoc|ARM.Build.0 = Release|Any CPU
		{0204E048-B5A4-47DE-881E-19A5C2E7672F}.Ad-Hoc|ARM.Deploy.0 = Release|Any CPU
		{0204E048-B5A4-47DE-881E-19A5C2E7672F}.Ad-Hoc|iPhone.ActiveCfg = Release|Any CPU
		{0204E048-B5A4-47DE-881E-19A5C2E7672F}.Ad-Hoc|iPhone.Build.0 = Release|Any CPU
		{0204E048-B5A4-47DE-881E-19A5C2E7672F}.Ad-Hoc|iPhone.Deploy.0 = Release|Any CPU
		{0204E048-B5A4-47DE-881E-19A5C2E7672F}.Ad-Hoc|iPhoneSimulator.ActiveCfg = Release|Any CPU
		{0204E048-B5A4-47DE-881E-19A5C2E7672F}.Ad-Hoc|iPhoneSimulator.Build.0 = Release|Any CPU
		{0204E048-B5A4-47DE-881E-19A5C2E7672F}.Ad-Hoc|iPhoneSimulator.Deploy.0 = Release|Any CPU
		{0204E048-B5A4-47DE-881E-19A5C2E7672F}.Ad-Hoc|x64.ActiveCfg = Release|Any CPU
		{0204E048-B5A4-47DE-881E-19A5C2E7672F}.Ad-Hoc|x64.Build.0 = Release|Any CPU
		{0204E048-B5A4-47DE-881E-19A5C2E7672F}.Ad-Hoc|x64.Deploy.0 = Release|Any CPU
		{0204E048-B5A4-47DE-881E-19A5C2E7672F}.Ad-Hoc|x86.ActiveCfg = Release|Any CPU
		{0204E048-B5A4-47DE-881E-19A5C2E7672F}.Ad-Hoc|x86.Build.0 = Release|Any CPU
		{0204E048-B5A4-47DE-881E-19A5C2E7672F}.Ad-Hoc|x86.Deploy.0 = Release|Any CPU
		{0204E048-B5A4-47DE-881E-19A5C2E7672F}.AppStore|Any CPU.ActiveCfg = Release|Any CPU
		{0204E048-B5A4-47DE-881E-19A5C2E7672F}.AppStore|Any CPU.Build.0 = Release|Any CPU
		{0204E048-B5A4-47DE-881E-19A5C2E7672F}.AppStore|Any CPU.Deploy.0 = Release|Any CPU
		{0204E048-B5A4-47DE-881E-19A5C2E7672F}.AppStore|ARM.ActiveCfg = Release|Any CPU
		{0204E048-B5A4-47DE-881E-19A5C2E7672F}.AppStore|ARM.Build.0 = Release|Any CPU
		{0204E048-B5A4-47DE-881E-19A5C2E7672F}.AppStore|ARM.Deploy.0 = Release|Any CPU
		{0204E048-B5A4-47DE-881E-19A5C2E7672F}.AppStore|iPhone.ActiveCfg = Release|Any CPU
		{0204E048-B5A4-47DE-881E-19A5C2E7672F}.AppStore|iPhone.Build.0 = Release|Any CPU
		{0204E048-B5A4-47DE-881E-19A5C2E7672F}.AppStore|iPhone.Deploy.0 = Release|Any CPU
		{0204E048-B5A4-47DE-881E-19A5C2E7672F}.AppStore|iPhoneSimulator.ActiveCfg = Release|Any CPU
		{0204E048-B5A4-47DE-881E-19A5C2E7672F}.AppStore|iPhoneSimulator.Build.0 = Release|Any CPU
		{0204E048-B5A4-47DE-881E-19A5C2E7672F}.AppStore|iPhoneSimulator.Deploy.0 = Release|Any CPU
		{0204E048-B5A4-47DE-881E-19A5C2E7672F}.AppStore|x64.ActiveCfg = Release|Any CPU
		{0204E048-B5A4-47DE-881E-19A5C2E7672F}.AppStore|x64.Build.0 = Release|Any CPU
		{0204E048-B5A4-47DE-881E-19A5C2E7672F}.AppStore|x64.Deploy.0 = Release|Any CPU
		{0204E048-B5A4-47DE-881E-19A5C2E7672F}.AppStore|x86.ActiveCfg = Release|Any CPU
		{0204E048-B5A4-47DE-881E-19A5C2E7672F}.AppStore|x86.Build.0 = Release|Any CPU
		{0204E048-B5A4-47DE-881E-19A5C2E7672F}.AppStore|x86.Deploy.0 = Release|Any CPU
		{0204E048-B5A4-47DE-881E-19A5C2E7672F}.AWS|Any CPU.ActiveCfg = Release|Any CPU
		{0204E048-B5A4-47DE-881E-19A5C2E7672F}.AWS|Any CPU.Build.0 = Release|Any CPU
		{0204E048-B5A4-47DE-881E-19A5C2E7672F}.AWS|Any CPU.Deploy.0 = Release|Any CPU
		{0204E048-B5A4-47DE-881E-19A5C2E7672F}.AWS|ARM.ActiveCfg = Release|Any CPU
		{0204E048-B5A4-47DE-881E-19A5C2E7672F}.AWS|ARM.Build.0 = Release|Any CPU
		{0204E048-B5A4-47DE-881E-19A5C2E7672F}.AWS|ARM.Deploy.0 = Release|Any CPU
		{0204E048-B5A4-47DE-881E-19A5C2E7672F}.AWS|iPhone.ActiveCfg = Release|Any CPU
		{0204E048-B5A4-47DE-881E-19A5C2E7672F}.AWS|iPhone.Build.0 = Release|Any CPU
		{0204E048-B5A4-47DE-881E-19A5C2E7672F}.AWS|iPhone.Deploy.0 = Release|Any CPU
		{0204E048-B5A4-47DE-881E-19A5C2E7672F}.AWS|iPhoneSimulator.ActiveCfg = Release|Any CPU
		{0204E048-B5A4-47DE-881E-19A5C2E7672F}.AWS|iPhoneSimulator.Build.0 = Release|Any CPU
		{0204E048-B5A4-47DE-881E-19A5C2E7672F}.AWS|iPhoneSimulator.Deploy.0 = Release|Any CPU
		{0204E048-B5A4-47DE-881E-19A5C2E7672F}.AWS|x64.ActiveCfg = Release|Any CPU
		{0204E048-B5A4-47DE-881E-19A5C2E7672F}.AWS|x64.Build.0 = Release|Any CPU
		{0204E048-B5A4-47DE-881E-19A5C2E7672F}.AWS|x64.Deploy.0 = Release|Any CPU
		{0204E048-B5A4-47DE-881E-19A5C2E7672F}.AWS|x86.ActiveCfg = Release|Any CPU
		{0204E048-B5A4-47DE-881E-19A5C2E7672F}.AWS|x86.Build.0 = Release|Any CPU
		{0204E048-B5A4-47DE-881E-19A5C2E7672F}.AWS|x86.Deploy.0 = Release|Any CPU
		{0204E048-B5A4-47DE-881E-19A5C2E7672F}.Debug|Any CPU.ActiveCfg = Debug|Any CPU
		{0204E048-B5A4-47DE-881E-19A5C2E7672F}.Debug|Any CPU.Build.0 = Debug|Any CPU
		{0204E048-B5A4-47DE-881E-19A5C2E7672F}.Debug|Any CPU.Deploy.0 = Debug|Any CPU
		{0204E048-B5A4-47DE-881E-19A5C2E7672F}.Debug|ARM.ActiveCfg = Debug|Any CPU
		{0204E048-B5A4-47DE-881E-19A5C2E7672F}.Debug|ARM.Build.0 = Debug|Any CPU
		{0204E048-B5A4-47DE-881E-19A5C2E7672F}.Debug|ARM.Deploy.0 = Debug|Any CPU
		{0204E048-B5A4-47DE-881E-19A5C2E7672F}.Debug|iPhone.ActiveCfg = Debug|Any CPU
		{0204E048-B5A4-47DE-881E-19A5C2E7672F}.Debug|iPhone.Build.0 = Debug|Any CPU
		{0204E048-B5A4-47DE-881E-19A5C2E7672F}.Debug|iPhone.Deploy.0 = Debug|Any CPU
		{0204E048-B5A4-47DE-881E-19A5C2E7672F}.Debug|iPhoneSimulator.ActiveCfg = Debug|Any CPU
		{0204E048-B5A4-47DE-881E-19A5C2E7672F}.Debug|iPhoneSimulator.Build.0 = Debug|Any CPU
		{0204E048-B5A4-47DE-881E-19A5C2E7672F}.Debug|iPhoneSimulator.Deploy.0 = Debug|Any CPU
		{0204E048-B5A4-47DE-881E-19A5C2E7672F}.Debug|x64.ActiveCfg = Debug|Any CPU
		{0204E048-B5A4-47DE-881E-19A5C2E7672F}.Debug|x64.Build.0 = Debug|Any CPU
		{0204E048-B5A4-47DE-881E-19A5C2E7672F}.Debug|x64.Deploy.0 = Debug|Any CPU
		{0204E048-B5A4-47DE-881E-19A5C2E7672F}.Debug|x86.ActiveCfg = Debug|Any CPU
		{0204E048-B5A4-47DE-881E-19A5C2E7672F}.Debug|x86.Build.0 = Debug|Any CPU
		{0204E048-B5A4-47DE-881E-19A5C2E7672F}.Debug|x86.Deploy.0 = Debug|Any CPU
		{0204E048-B5A4-47DE-881E-19A5C2E7672F}.Release|Any CPU.ActiveCfg = Release|Any CPU
		{0204E048-B5A4-47DE-881E-19A5C2E7672F}.Release|Any CPU.Build.0 = Release|Any CPU
		{0204E048-B5A4-47DE-881E-19A5C2E7672F}.Release|Any CPU.Deploy.0 = Release|Any CPU
		{0204E048-B5A4-47DE-881E-19A5C2E7672F}.Release|ARM.ActiveCfg = Release|Any CPU
		{0204E048-B5A4-47DE-881E-19A5C2E7672F}.Release|ARM.Build.0 = Release|Any CPU
		{0204E048-B5A4-47DE-881E-19A5C2E7672F}.Release|ARM.Deploy.0 = Release|Any CPU
		{0204E048-B5A4-47DE-881E-19A5C2E7672F}.Release|iPhone.ActiveCfg = Release|Any CPU
		{0204E048-B5A4-47DE-881E-19A5C2E7672F}.Release|iPhone.Build.0 = Release|Any CPU
		{0204E048-B5A4-47DE-881E-19A5C2E7672F}.Release|iPhone.Deploy.0 = Release|Any CPU
		{0204E048-B5A4-47DE-881E-19A5C2E7672F}.Release|iPhoneSimulator.ActiveCfg = Release|Any CPU
		{0204E048-B5A4-47DE-881E-19A5C2E7672F}.Release|iPhoneSimulator.Build.0 = Release|Any CPU
		{0204E048-B5A4-47DE-881E-19A5C2E7672F}.Release|iPhoneSimulator.Deploy.0 = Release|Any CPU
		{0204E048-B5A4-47DE-881E-19A5C2E7672F}.Release|x64.ActiveCfg = Release|Any CPU
		{0204E048-B5A4-47DE-881E-19A5C2E7672F}.Release|x64.Build.0 = Release|Any CPU
		{0204E048-B5A4-47DE-881E-19A5C2E7672F}.Release|x64.Deploy.0 = Release|Any CPU
		{0204E048-B5A4-47DE-881E-19A5C2E7672F}.Release|x86.ActiveCfg = Release|Any CPU
		{0204E048-B5A4-47DE-881E-19A5C2E7672F}.Release|x86.Build.0 = Release|Any CPU
		{0204E048-B5A4-47DE-881E-19A5C2E7672F}.Release|x86.Deploy.0 = Release|Any CPU
		{48BB9E31-90C5-4354-AF4B-198EFEFC06BB}.Ad-Hoc|Any CPU.ActiveCfg = Ad-Hoc|iPhone
		{48BB9E31-90C5-4354-AF4B-198EFEFC06BB}.Ad-Hoc|ARM.ActiveCfg = Ad-Hoc|iPhone
		{48BB9E31-90C5-4354-AF4B-198EFEFC06BB}.Ad-Hoc|iPhone.ActiveCfg = Ad-Hoc|iPhone
		{48BB9E31-90C5-4354-AF4B-198EFEFC06BB}.Ad-Hoc|iPhone.Build.0 = Ad-Hoc|iPhone
		{48BB9E31-90C5-4354-AF4B-198EFEFC06BB}.Ad-Hoc|iPhoneSimulator.ActiveCfg = Ad-Hoc|iPhoneSimulator
		{48BB9E31-90C5-4354-AF4B-198EFEFC06BB}.Ad-Hoc|iPhoneSimulator.Build.0 = Ad-Hoc|iPhoneSimulator
		{48BB9E31-90C5-4354-AF4B-198EFEFC06BB}.Ad-Hoc|x64.ActiveCfg = Ad-Hoc|iPhone
		{48BB9E31-90C5-4354-AF4B-198EFEFC06BB}.Ad-Hoc|x86.ActiveCfg = Ad-Hoc|iPhone
		{48BB9E31-90C5-4354-AF4B-198EFEFC06BB}.AppStore|Any CPU.ActiveCfg = AppStore|iPhone
		{48BB9E31-90C5-4354-AF4B-198EFEFC06BB}.AppStore|ARM.ActiveCfg = AppStore|iPhone
		{48BB9E31-90C5-4354-AF4B-198EFEFC06BB}.AppStore|iPhone.ActiveCfg = AppStore|iPhone
		{48BB9E31-90C5-4354-AF4B-198EFEFC06BB}.AppStore|iPhone.Build.0 = AppStore|iPhone
		{48BB9E31-90C5-4354-AF4B-198EFEFC06BB}.AppStore|iPhoneSimulator.ActiveCfg = AppStore|iPhoneSimulator
		{48BB9E31-90C5-4354-AF4B-198EFEFC06BB}.AppStore|iPhoneSimulator.Build.0 = AppStore|iPhoneSimulator
		{48BB9E31-90C5-4354-AF4B-198EFEFC06BB}.AppStore|x64.ActiveCfg = AppStore|iPhone
		{48BB9E31-90C5-4354-AF4B-198EFEFC06BB}.AppStore|x86.ActiveCfg = AppStore|iPhone
		{48BB9E31-90C5-4354-AF4B-198EFEFC06BB}.AWS|Any CPU.ActiveCfg = AppStore|iPhone
		{48BB9E31-90C5-4354-AF4B-198EFEFC06BB}.AWS|Any CPU.Build.0 = AppStore|iPhone
		{48BB9E31-90C5-4354-AF4B-198EFEFC06BB}.AWS|ARM.ActiveCfg = AppStore|iPhone
		{48BB9E31-90C5-4354-AF4B-198EFEFC06BB}.AWS|ARM.Build.0 = AppStore|iPhone
		{48BB9E31-90C5-4354-AF4B-198EFEFC06BB}.AWS|iPhone.ActiveCfg = AppStore|iPhone
		{48BB9E31-90C5-4354-AF4B-198EFEFC06BB}.AWS|iPhone.Build.0 = AppStore|iPhone
		{48BB9E31-90C5-4354-AF4B-198EFEFC06BB}.AWS|iPhoneSimulator.ActiveCfg = AppStore|iPhoneSimulator
		{48BB9E31-90C5-4354-AF4B-198EFEFC06BB}.AWS|iPhoneSimulator.Build.0 = AppStore|iPhoneSimulator
		{48BB9E31-90C5-4354-AF4B-198EFEFC06BB}.AWS|x64.ActiveCfg = AppStore|iPhone
		{48BB9E31-90C5-4354-AF4B-198EFEFC06BB}.AWS|x64.Build.0 = AppStore|iPhone
		{48BB9E31-90C5-4354-AF4B-198EFEFC06BB}.AWS|x86.ActiveCfg = AppStore|iPhone
		{48BB9E31-90C5-4354-AF4B-198EFEFC06BB}.AWS|x86.Build.0 = AppStore|iPhone
		{48BB9E31-90C5-4354-AF4B-198EFEFC06BB}.Debug|Any CPU.ActiveCfg = Debug|iPhone
		{48BB9E31-90C5-4354-AF4B-198EFEFC06BB}.Debug|ARM.ActiveCfg = Debug|iPhone
		{48BB9E31-90C5-4354-AF4B-198EFEFC06BB}.Debug|iPhone.ActiveCfg = Debug|iPhone
		{48BB9E31-90C5-4354-AF4B-198EFEFC06BB}.Debug|iPhone.Build.0 = Debug|iPhone
		{48BB9E31-90C5-4354-AF4B-198EFEFC06BB}.Debug|iPhoneSimulator.ActiveCfg = Debug|iPhoneSimulator
		{48BB9E31-90C5-4354-AF4B-198EFEFC06BB}.Debug|iPhoneSimulator.Build.0 = Debug|iPhoneSimulator
		{48BB9E31-90C5-4354-AF4B-198EFEFC06BB}.Debug|x64.ActiveCfg = Debug|iPhone
		{48BB9E31-90C5-4354-AF4B-198EFEFC06BB}.Debug|x86.ActiveCfg = Debug|iPhone
		{48BB9E31-90C5-4354-AF4B-198EFEFC06BB}.Release|Any CPU.ActiveCfg = Release|iPhone
		{48BB9E31-90C5-4354-AF4B-198EFEFC06BB}.Release|ARM.ActiveCfg = Release|iPhone
		{48BB9E31-90C5-4354-AF4B-198EFEFC06BB}.Release|iPhone.ActiveCfg = Release|iPhone
		{48BB9E31-90C5-4354-AF4B-198EFEFC06BB}.Release|iPhone.Build.0 = Release|iPhone
		{48BB9E31-90C5-4354-AF4B-198EFEFC06BB}.Release|iPhoneSimulator.ActiveCfg = Release|iPhoneSimulator
		{48BB9E31-90C5-4354-AF4B-198EFEFC06BB}.Release|iPhoneSimulator.Build.0 = Release|iPhoneSimulator
		{48BB9E31-90C5-4354-AF4B-198EFEFC06BB}.Release|x64.ActiveCfg = Release|iPhone
		{48BB9E31-90C5-4354-AF4B-198EFEFC06BB}.Release|x86.ActiveCfg = Release|iPhone
		{66865F18-0D1B-40FE-8E20-00A15F7A398A}.Ad-Hoc|Any CPU.ActiveCfg = Release|x86
		{66865F18-0D1B-40FE-8E20-00A15F7A398A}.Ad-Hoc|Any CPU.Build.0 = Release|x86
		{66865F18-0D1B-40FE-8E20-00A15F7A398A}.Ad-Hoc|Any CPU.Deploy.0 = Release|x86
		{66865F18-0D1B-40FE-8E20-00A15F7A398A}.Ad-Hoc|ARM.ActiveCfg = Release|ARM
		{66865F18-0D1B-40FE-8E20-00A15F7A398A}.Ad-Hoc|ARM.Build.0 = Release|ARM
		{66865F18-0D1B-40FE-8E20-00A15F7A398A}.Ad-Hoc|ARM.Deploy.0 = Release|ARM
		{66865F18-0D1B-40FE-8E20-00A15F7A398A}.Ad-Hoc|iPhone.ActiveCfg = Release|x86
		{66865F18-0D1B-40FE-8E20-00A15F7A398A}.Ad-Hoc|iPhone.Build.0 = Release|x86
		{66865F18-0D1B-40FE-8E20-00A15F7A398A}.Ad-Hoc|iPhone.Deploy.0 = Release|x86
		{66865F18-0D1B-40FE-8E20-00A15F7A398A}.Ad-Hoc|iPhoneSimulator.ActiveCfg = Release|x86
		{66865F18-0D1B-40FE-8E20-00A15F7A398A}.Ad-Hoc|iPhoneSimulator.Build.0 = Release|x86
		{66865F18-0D1B-40FE-8E20-00A15F7A398A}.Ad-Hoc|iPhoneSimulator.Deploy.0 = Release|x86
		{66865F18-0D1B-40FE-8E20-00A15F7A398A}.Ad-Hoc|x64.ActiveCfg = Release|x64
		{66865F18-0D1B-40FE-8E20-00A15F7A398A}.Ad-Hoc|x64.Build.0 = Release|x64
		{66865F18-0D1B-40FE-8E20-00A15F7A398A}.Ad-Hoc|x64.Deploy.0 = Release|x64
		{66865F18-0D1B-40FE-8E20-00A15F7A398A}.Ad-Hoc|x86.ActiveCfg = Release|x86
		{66865F18-0D1B-40FE-8E20-00A15F7A398A}.Ad-Hoc|x86.Build.0 = Release|x86
		{66865F18-0D1B-40FE-8E20-00A15F7A398A}.Ad-Hoc|x86.Deploy.0 = Release|x86
		{66865F18-0D1B-40FE-8E20-00A15F7A398A}.AppStore|Any CPU.ActiveCfg = Release|x86
		{66865F18-0D1B-40FE-8E20-00A15F7A398A}.AppStore|Any CPU.Build.0 = Release|x86
		{66865F18-0D1B-40FE-8E20-00A15F7A398A}.AppStore|Any CPU.Deploy.0 = Release|x86
		{66865F18-0D1B-40FE-8E20-00A15F7A398A}.AppStore|ARM.ActiveCfg = Release|ARM
		{66865F18-0D1B-40FE-8E20-00A15F7A398A}.AppStore|ARM.Build.0 = Release|ARM
		{66865F18-0D1B-40FE-8E20-00A15F7A398A}.AppStore|ARM.Deploy.0 = Release|ARM
		{66865F18-0D1B-40FE-8E20-00A15F7A398A}.AppStore|iPhone.ActiveCfg = Release|x86
		{66865F18-0D1B-40FE-8E20-00A15F7A398A}.AppStore|iPhone.Build.0 = Release|x86
		{66865F18-0D1B-40FE-8E20-00A15F7A398A}.AppStore|iPhone.Deploy.0 = Release|x86
		{66865F18-0D1B-40FE-8E20-00A15F7A398A}.AppStore|iPhoneSimulator.ActiveCfg = Release|x86
		{66865F18-0D1B-40FE-8E20-00A15F7A398A}.AppStore|iPhoneSimulator.Build.0 = Release|x86
		{66865F18-0D1B-40FE-8E20-00A15F7A398A}.AppStore|iPhoneSimulator.Deploy.0 = Release|x86
		{66865F18-0D1B-40FE-8E20-00A15F7A398A}.AppStore|x64.ActiveCfg = Release|x64
		{66865F18-0D1B-40FE-8E20-00A15F7A398A}.AppStore|x64.Build.0 = Release|x64
		{66865F18-0D1B-40FE-8E20-00A15F7A398A}.AppStore|x64.Deploy.0 = Release|x64
		{66865F18-0D1B-40FE-8E20-00A15F7A398A}.AppStore|x86.ActiveCfg = Release|x86
		{66865F18-0D1B-40FE-8E20-00A15F7A398A}.AppStore|x86.Build.0 = Release|x86
		{66865F18-0D1B-40FE-8E20-00A15F7A398A}.AppStore|x86.Deploy.0 = Release|x86
		{66865F18-0D1B-40FE-8E20-00A15F7A398A}.AWS|Any CPU.ActiveCfg = Release|x86
		{66865F18-0D1B-40FE-8E20-00A15F7A398A}.AWS|Any CPU.Build.0 = Release|x86
		{66865F18-0D1B-40FE-8E20-00A15F7A398A}.AWS|Any CPU.Deploy.0 = Release|x86
		{66865F18-0D1B-40FE-8E20-00A15F7A398A}.AWS|ARM.ActiveCfg = Release|ARM
		{66865F18-0D1B-40FE-8E20-00A15F7A398A}.AWS|ARM.Build.0 = Release|ARM
		{66865F18-0D1B-40FE-8E20-00A15F7A398A}.AWS|ARM.Deploy.0 = Release|ARM
		{66865F18-0D1B-40FE-8E20-00A15F7A398A}.AWS|iPhone.ActiveCfg = Release|x86
		{66865F18-0D1B-40FE-8E20-00A15F7A398A}.AWS|iPhone.Build.0 = Release|x86
		{66865F18-0D1B-40FE-8E20-00A15F7A398A}.AWS|iPhone.Deploy.0 = Release|x86
		{66865F18-0D1B-40FE-8E20-00A15F7A398A}.AWS|iPhoneSimulator.ActiveCfg = Release|x86
		{66865F18-0D1B-40FE-8E20-00A15F7A398A}.AWS|iPhoneSimulator.Build.0 = Release|x86
		{66865F18-0D1B-40FE-8E20-00A15F7A398A}.AWS|iPhoneSimulator.Deploy.0 = Release|x86
		{66865F18-0D1B-40FE-8E20-00A15F7A398A}.AWS|x64.ActiveCfg = Release|x64
		{66865F18-0D1B-40FE-8E20-00A15F7A398A}.AWS|x64.Build.0 = Release|x64
		{66865F18-0D1B-40FE-8E20-00A15F7A398A}.AWS|x64.Deploy.0 = Release|x64
		{66865F18-0D1B-40FE-8E20-00A15F7A398A}.AWS|x86.ActiveCfg = Release|x86
		{66865F18-0D1B-40FE-8E20-00A15F7A398A}.AWS|x86.Build.0 = Release|x86
		{66865F18-0D1B-40FE-8E20-00A15F7A398A}.AWS|x86.Deploy.0 = Release|x86
		{66865F18-0D1B-40FE-8E20-00A15F7A398A}.Debug|Any CPU.ActiveCfg = Debug|x86
		{66865F18-0D1B-40FE-8E20-00A15F7A398A}.Debug|ARM.ActiveCfg = Debug|ARM
		{66865F18-0D1B-40FE-8E20-00A15F7A398A}.Debug|ARM.Build.0 = Debug|ARM
		{66865F18-0D1B-40FE-8E20-00A15F7A398A}.Debug|ARM.Deploy.0 = Debug|ARM
		{66865F18-0D1B-40FE-8E20-00A15F7A398A}.Debug|iPhone.ActiveCfg = Debug|x86
		{66865F18-0D1B-40FE-8E20-00A15F7A398A}.Debug|iPhoneSimulator.ActiveCfg = Debug|x86
		{66865F18-0D1B-40FE-8E20-00A15F7A398A}.Debug|x64.ActiveCfg = Debug|x64
		{66865F18-0D1B-40FE-8E20-00A15F7A398A}.Debug|x64.Build.0 = Debug|x64
		{66865F18-0D1B-40FE-8E20-00A15F7A398A}.Debug|x64.Deploy.0 = Debug|x64
		{66865F18-0D1B-40FE-8E20-00A15F7A398A}.Debug|x86.ActiveCfg = Debug|x86
		{66865F18-0D1B-40FE-8E20-00A15F7A398A}.Debug|x86.Build.0 = Debug|x86
		{66865F18-0D1B-40FE-8E20-00A15F7A398A}.Debug|x86.Deploy.0 = Debug|x86
		{66865F18-0D1B-40FE-8E20-00A15F7A398A}.Release|Any CPU.ActiveCfg = Release|x86
		{66865F18-0D1B-40FE-8E20-00A15F7A398A}.Release|ARM.ActiveCfg = Release|ARM
		{66865F18-0D1B-40FE-8E20-00A15F7A398A}.Release|ARM.Build.0 = Release|ARM
		{66865F18-0D1B-40FE-8E20-00A15F7A398A}.Release|ARM.Deploy.0 = Release|ARM
		{66865F18-0D1B-40FE-8E20-00A15F7A398A}.Release|iPhone.ActiveCfg = Release|x86
		{66865F18-0D1B-40FE-8E20-00A15F7A398A}.Release|iPhoneSimulator.ActiveCfg = Release|x86
		{66865F18-0D1B-40FE-8E20-00A15F7A398A}.Release|x64.ActiveCfg = Release|x64
		{66865F18-0D1B-40FE-8E20-00A15F7A398A}.Release|x64.Build.0 = Release|x64
		{66865F18-0D1B-40FE-8E20-00A15F7A398A}.Release|x64.Deploy.0 = Release|x64
		{66865F18-0D1B-40FE-8E20-00A15F7A398A}.Release|x86.ActiveCfg = Release|x86
		{66865F18-0D1B-40FE-8E20-00A15F7A398A}.Release|x86.Build.0 = Release|x86
		{66865F18-0D1B-40FE-8E20-00A15F7A398A}.Release|x86.Deploy.0 = Release|x86
	EndGlobalSection
	GlobalSection(SolutionProperties) = preSolution
		HideSolutionNode = FALSE
	EndGlobalSection
	GlobalSection(NestedProjects) = preSolution
		{1A3016FF-BA29-422F-A9A0-F65A3B191402} = {EBF124CB-1BB7-4D42-AE9E-20DDDECC8970}
		{0204E048-B5A4-47DE-881E-19A5C2E7672F} = {EBF124CB-1BB7-4D42-AE9E-20DDDECC8970}
		{48BB9E31-90C5-4354-AF4B-198EFEFC06BB} = {EBF124CB-1BB7-4D42-AE9E-20DDDECC8970}
		{66865F18-0D1B-40FE-8E20-00A15F7A398A} = {EBF124CB-1BB7-4D42-AE9E-20DDDECC8970}
	EndGlobalSection
	GlobalSection(ExtensibilityGlobals) = postSolution
		SolutionGuid = {D4D6424F-C6F3-4401-9F98-CE7A338BC386}
	EndGlobalSection
EndGlobal
